
Microsoft Visual Studio Solution File, Format Version 12.00
# Visual Studio Version 17
VisualStudioVersion = 17.6.33717.318
MinimumVisualStudioVersion = 10.0.40219.1
Project("{FAE04EC0-301F-11D3-BF4B-00C04F79EFBC}") = "VideoEditor", "VideoEditor\VideoEditor.csproj", "{6FDBCE3E-4463-470A-A917-22FBC31B8C3B}"
EndProject
Project("{FAE04EC0-301F-11D3-BF4B-00C04F79EFBC}") = "VideoEditorD3D", "VideoEditorD3D\VideoEditorD3D.csproj", "{6E6A9188-9F35-4BCD-959B-BA2A5DB5259B}"
EndProject
Project("{FAE04EC0-301F-11D3-BF4B-00C04F79EFBC}") = "VideoEditorD3D.Database", "VideoEditorD3D.Database\VideoEditorD3D.Database.csproj", "{3B367207-D005-48F9-970E-86C3EFC7E95F}"
EndProject
Project("{FAE04EC0-301F-11D3-BF4B-00C04F79EFBC}") = "VideoEditorD3D.Direct3D", "VideoEditorD3D.Direct3D\VideoEditorD3D.Direct3D.csproj", "{13596C4A-31C5-43BF-A7D5-76FAB7A798DB}"
EndProject
Project("{FAE04EC0-301F-11D3-BF4B-00C04F79EFBC}") = "VideoEditorD3D.Types", "VideoEditorD3D.Types\VideoEditorD3D.Types.csproj", "{16BD07D3-40B7-4EF5-8252-B03AC63B83C3}"
EndProject
Project("{FAE04EC0-301F-11D3-BF4B-00C04F79EFBC}") = "VideoEditorD3D.Database.Entities", "VideoEditorD3D.Database.Entities\VideoEditorD3D.Database.Entities.csproj", "{44A22398-70EF-4FE6-AFAB-895D92D97064}"
EndProject
Project("{FAE04EC0-301F-11D3-BF4B-00C04F79EFBC}") = "VideoEditorD3D.Timers", "VideoEditorD3D.Timers\VideoEditorD3D.Timers.csproj", "{6494A687-701E-4284-9953-CA6923DE0AF6}"
EndProject
Project("{FAE04EC0-301F-11D3-BF4B-00C04F79EFBC}") = "VideoEditorD3D.Loggers", "VideoEditorD3D.Loggers\VideoEditorD3D.Loggers.csproj", "{040161D8-12AF-4635-88A4-585BE4AA7012}"
EndProject
Project("{FAE04EC0-301F-11D3-BF4B-00C04F79EFBC}") = "VideoEditorD3D.Configs", "VideoEditorD3D.Configs\VideoEditorD3D.Configs.csproj", "{84DDFC9B-81EF-419E-8A67-D6726C0089D9}"
EndProject
Project("{FAE04EC0-301F-11D3-BF4B-00C04F79EFBC}") = "VideoEditorD3D.Business", "VideoEditorD3D.Business\VideoEditorD3D.Business.csproj", "{F22CDE05-C33C-40DE-B8B7-D0E158FE31CC}"
EndProject
Global
	GlobalSection(SolutionConfigurationPlatforms) = preSolution
		Debug|Any CPU = Debug|Any CPU
		Release|Any CPU = Release|Any CPU
	EndGlobalSection
	GlobalSection(ProjectConfigurationPlatforms) = postSolution
		{6FDBCE3E-4463-470A-A917-22FBC31B8C3B}.Debug|Any CPU.ActiveCfg = Debug|Any CPU
		{6FDBCE3E-4463-470A-A917-22FBC31B8C3B}.Debug|Any CPU.Build.0 = Debug|Any CPU
		{6FDBCE3E-4463-470A-A917-22FBC31B8C3B}.Release|Any CPU.ActiveCfg = Release|Any CPU
		{6FDBCE3E-4463-470A-A917-22FBC31B8C3B}.Release|Any CPU.Build.0 = Release|Any CPU
		{6E6A9188-9F35-4BCD-959B-BA2A5DB5259B}.Debug|Any CPU.ActiveCfg = Debug|Any CPU
		{6E6A9188-9F35-4BCD-959B-BA2A5DB5259B}.Debug|Any CPU.Build.0 = Debug|Any CPU
		{6E6A9188-9F35-4BCD-959B-BA2A5DB5259B}.Release|Any CPU.ActiveCfg = Release|Any CPU
		{6E6A9188-9F35-4BCD-959B-BA2A5DB5259B}.Release|Any CPU.Build.0 = Release|Any CPU
		{3B367207-D005-48F9-970E-86C3EFC7E95F}.Debug|Any CPU.ActiveCfg = Debug|Any CPU
		{3B367207-D005-48F9-970E-86C3EFC7E95F}.Debug|Any CPU.Build.0 = Debug|Any CPU
		{3B367207-D005-48F9-970E-86C3EFC7E95F}.Release|Any CPU.ActiveCfg = Release|Any CPU
		{3B367207-D005-48F9-970E-86C3EFC7E95F}.Release|Any CPU.Build.0 = Release|Any CPU
		{13596C4A-31C5-43BF-A7D5-76FAB7A798DB}.Debug|Any CPU.ActiveCfg = Debug|Any CPU
		{13596C4A-31C5-43BF-A7D5-76FAB7A798DB}.Debug|Any CPU.Build.0 = Debug|Any CPU
		{13596C4A-31C5-43BF-A7D5-76FAB7A798DB}.Release|Any CPU.ActiveCfg = Release|Any CPU
		{13596C4A-31C5-43BF-A7D5-76FAB7A798DB}.Release|Any CPU.Build.0 = Release|Any CPU
		{16BD07D3-40B7-4EF5-8252-B03AC63B83C3}.Debug|Any CPU.ActiveCfg = Debug|Any CPU
		{16BD07D3-40B7-4EF5-8252-B03AC63B83C3}.Debug|Any CPU.Build.0 = Debug|Any CPU
		{16BD07D3-40B7-4EF5-8252-B03AC63B83C3}.Release|Any CPU.ActiveCfg = Release|Any CPU
		{16BD07D3-40B7-4EF5-8252-B03AC63B83C3}.Release|Any CPU.Build.0 = Release|Any CPU
		{44A22398-70EF-4FE6-AFAB-895D92D97064}.Debug|Any CPU.ActiveCfg = Debug|Any CPU
		{44A22398-70EF-4FE6-AFAB-895D92D97064}.Debug|Any CPU.Build.0 = Debug|Any CPU
		{44A22398-70EF-4FE6-AFAB-895D92D97064}.Release|Any CPU.ActiveCfg = Release|Any CPU
		{44A22398-70EF-4FE6-AFAB-895D92D97064}.Release|Any CPU.Build.0 = Release|Any CPU
		{6494A687-701E-4284-9953-CA6923DE0AF6}.Debug|Any CPU.ActiveCfg = Debug|Any CPU
		{6494A687-701E-4284-9953-CA6923DE0AF6}.Debug|Any CPU.Build.0 = Debug|Any CPU
		{6494A687-701E-4284-9953-CA6923DE0AF6}.Release|Any CPU.ActiveCfg = Release|Any CPU
		{6494A687-701E-4284-9953-CA6923DE0AF6}.Release|Any CPU.Build.0 = Release|Any CPU
		{040161D8-12AF-4635-88A4-585BE4AA7012}.Debug|Any CPU.ActiveCfg = Debug|Any CPU
		{040161D8-12AF-4635-88A4-585BE4AA7012}.Debug|Any CPU.Build.0 = Debug|Any CPU
		{040161D8-12AF-4635-88A4-585BE4AA7012}.Release|Any CPU.ActiveCfg = Release|Any CPU
		{040161D8-12AF-4635-88A4-585BE4AA7012}.Release|Any CPU.Build.0 = Release|Any CPU
		{84DDFC9B-81EF-419E-8A67-D6726C0089D9}.Debug|Any CPU.ActiveCfg = Debug|Any CPU
		{84DDFC9B-81EF-419E-8A67-D6726C0089D9}.Debug|Any CPU.Build.0 = Debug|Any CPU
		{84DDFC9B-81EF-419E-8A67-D6726C0089D9}.Release|Any CPU.ActiveCfg = Release|Any CPU
		{84DDFC9B-81EF-419E-8A67-D6726C0089D9}.Release|Any CPU.Build.0 = Release|Any CPU
		{F22CDE05-C33C-40DE-B8B7-D0E158FE31CC}.Debug|Any CPU.ActiveCfg = Debug|Any CPU
		{F22CDE05-C33C-40DE-B8B7-D0E158FE31CC}.Debug|Any CPU.Build.0 = Debug|Any CPU
		{F22CDE05-C33C-40DE-B8B7-D0E158FE31CC}.Release|Any CPU.ActiveCfg = Release|Any CPU
		{F22CDE05-C33C-40DE-B8B7-D0E158FE31CC}.Release|Any CPU.Build.0 = Release|Any CPU
	EndGlobalSection
	GlobalSection(SolutionProperties) = preSolution
		HideSolutionNode = FALSE
	EndGlobalSection
	GlobalSection(ExtensibilityGlobals) = postSolution
		SolutionGuid = {430AB35F-6205-420F-A028-1E1E22C89BD1}
	EndGlobalSection
EndGlobal
